
Microsoft Visual Studio Solution File, Format Version 12.00
# Visual Studio Version 17
VisualStudioVersion = 17.0.32112.339
MinimumVisualStudioVersion = 10.0.40219.1
Project("{FAE04EC0-301F-11D3-BF4B-00C04F79EFBC}") = "MediaBazzarWebsite", "MediaBazzarWebsite\MediaBazzarWebsite.csproj", "{9880478E-C7CC-48B6-82FE-C9A5B4C8CBA9}"
EndProject
Global
	GlobalSection(SolutionConfigurationPlatforms) = preSolution
		Debug|Any CPU = Debug|Any CPU
		Release|Any CPU = Release|Any CPU
	EndGlobalSection
	GlobalSection(ProjectConfigurationPlatforms) = postSolution
		{9880478E-C7CC-48B6-82FE-C9A5B4C8CBA9}.Debug|Any CPU.ActiveCfg = Debug|Any CPU
		{9880478E-C7CC-48B6-82FE-C9A5B4C8CBA9}.Debug|Any CPU.Build.0 = Debug|Any CPU
		{9880478E-C7CC-48B6-82FE-C9A5B4C8CBA9}.Release|Any CPU.ActiveCfg = Release|Any CPU
		{9880478E-C7CC-48B6-82FE-C9A5B4C8CBA9}.Release|Any CPU.Build.0 = Release|Any CPU
	EndGlobalSection
	GlobalSection(SolutionProperties) = preSolution
		HideSolutionNode = FALSE
	EndGlobalSection
	GlobalSection(ExtensibilityGlobals) = postSolution
		SolutionGuid = {57F45482-A034-4A9F-ADD5-91644E54FB57}
	EndGlobalSection
EndGlobal
