
Microsoft Visual Studio Solution File, Format Version 12.00
# Visual Studio Version 16
VisualStudioVersion = 16.0.31025.194
MinimumVisualStudioVersion = 10.0.40219.1
Project("{FAE04EC0-301F-11D3-BF4B-00C04F79EFBC}") = "MediaBazzarApplication", "MediaBazzarApplication\MediaBazzarApplication.csproj", "{62D0A240-2435-4685-B4EE-C29E32D7A152}"
EndProject
Global
	GlobalSection(SolutionConfigurationPlatforms) = preSolution
		Debug|Any CPU = Debug|Any CPU
		Release|Any CPU = Release|Any CPU
	EndGlobalSection
	GlobalSection(ProjectConfigurationPlatforms) = postSolution
		{62D0A240-2435-4685-B4EE-C29E32D7A152}.Debug|Any CPU.ActiveCfg = Debug|Any CPU
		{62D0A240-2435-4685-B4EE-C29E32D7A152}.Debug|Any CPU.Build.0 = Debug|Any CPU
		{62D0A240-2435-4685-B4EE-C29E32D7A152}.Release|Any CPU.ActiveCfg = Release|Any CPU
		{62D0A240-2435-4685-B4EE-C29E32D7A152}.Release|Any CPU.Build.0 = Release|Any CPU
	EndGlobalSection
	GlobalSection(SolutionProperties) = preSolution
		HideSolutionNode = FALSE
	EndGlobalSection
	GlobalSection(ExtensibilityGlobals) = postSolution
		SolutionGuid = {99ECC1DE-EDD7-47CB-935B-86B0C7D2807B}
	EndGlobalSection
EndGlobal
